// !$*UTF8*$!
{
	archiveVersion = 1;
	classes = {
	};
	objectVersion = 46;
	objects = {

/* Begin PBXBuildFile section */
		E40FE3CB1C1A7AEB009D8F4B /* main.m in Sources */ = {isa = PBXBuildFile; fileRef = E40FE3CA1C1A7AEB009D8F4B /* main.m */; };
		E40FE3D31C1A7AF5009D8F4B /* person.m in Sources */ = {isa = PBXBuildFile; fileRef = E40FE3D21C1A7AF5009D8F4B /* person.m */; };
		E40FE3D91C1A7B15009D8F4B /* student.m in Sources */ = {isa = PBXBuildFile; fileRef = E40FE3D81C1A7B15009D8F4B /* student.m */; };
/* End PBXBuildFile section */

/* Begin PBXCopyFilesBuildPhase section */
		E40FE3C51C1A7AEB009D8F4B /* CopyFiles */ = {
			isa = PBXCopyFilesBuildPhase;
			buildActionMask = 2147483647;
			dstPath = /usr/share/man/man1/;
			dstSubfolderSpec = 0;
			files = (
			);
			runOnlyForDeploymentPostprocessing = 1;
		};
/* End PBXCopyFilesBuildPhase section */

/* Begin PBXFileReference section */
		E40FE3C71C1A7AEB009D8F4B /* 123 */ = {isa = PBXFileReference; explicitFileType = "compiled.mach-o.executable"; includeInIndex = 0; path = 123; sourceTree = BUILT_PRODUCTS_DIR; };
		E40FE3CA1C1A7AEB009D8F4B /* main.m */ = {isa = PBXFileReference; lastKnownFileType = sourcecode.c.objc; path = main.m; sourceTree = "<group>"; };
		E40FE3D11C1A7AF5009D8F4B /* person.h */ = {isa = PBXFileReference; fileEncoding = 4; lastKnownFileType = sourcecode.c.h; path = person.h; sourceTree = "<group>"; };
		E40FE3D21C1A7AF5009D8F4B /* person.m */ = {isa = PBXFileReference; fileEncoding = 4; lastKnownFileType = sourcecode.c.objc; path = person.m; sourceTree = "<group>"; };
		E40FE3D71C1A7B15009D8F4B /* student.h */ = {isa = PBXFileReference; fileEncoding = 4; lastKnownFileType = sourcecode.c.h; path = student.h; sourceTree = "<group>"; };
		E40FE3D81C1A7B15009D8F4B /* student.m */ = {isa = PBXFileReference; fileEncoding = 4; lastKnownFileType = sourcecode.c.objc; path = student.m; sourceTree = "<group>"; };
/* End PBXFileReference section */

/* Begin PBXFrameworksBuildPhase section */
		E40FE3C41C1A7AEB009D8F4B /* Frameworks */ = {
			isa = PBXFrameworksBuildPhase;
			buildActionMask = 2147483647;
			files = (
			);
			runOnlyForDeploymentPostprocessing = 0;
		};
/* End PBXFrameworksBuildPhase section */

/* Begin PBXGroup section */
		E40FE3BE1C1A7AEB009D8F4B = {
			isa = PBXGroup;
			children = (
				E40FE3C91C1A7AEB009D8F4B /* 123 */,
				E40FE3C81C1A7AEB009D8F4B /* Products */,
			);
			sourceTree = "<group>";
		};
		E40FE3C81C1A7AEB009D8F4B /* Products */ = {
			isa = PBXGroup;
			children = (
				E40FE3C71C1A7AEB009D8F4B /* 123 */,
			);
			name = Products;
			sourceTree = "<group>";
		};
		E40FE3C91C1A7AEB009D8F4B /* 123 */ = {
			isa = PBXGroup;
			children = (
				E40FE3CA1C1A7AEB009D8F4B /* main.m */,
				E40FE3D11C1A7AF5009D8F4B /* person.h */,
				E40FE3D21C1A7AF5009D8F4B /* person.m */,
				E40FE3D71C1A7B15009D8F4B /* student.h */,
				E40FE3D81C1A7B15009D8F4B /* student.m */,
			);
			path = 123;
			sourceTree = "<group>";
		};
/* End PBXGroup section */

/* Begin PBXNativeTarget section */
		E40FE3C61C1A7AEB009D8F4B /* 123 */ = {
			isa = PBXNativeTarget;
			buildConfigurationList = E40FE3CE1C1A7AEB009D8F4B /* Build configuration list for PBXNativeTarget "123" */;
			buildPhases = (
				E40FE3C31C1A7AEB009D8F4B /* Sources */,
				E40FE3C41C1A7AEB009D8F4B /* Frameworks */,
				E40FE3C51C1A7AEB009D8F4B /* CopyFiles */,
			);
			buildRules = (
			);
			dependencies = (
			);
			name = 123;
			productName = 123;
			productReference = E40FE3C71C1A7AEB009D8F4B /* 123 */;
			productType = "com.apple.product-type.tool";
		};
/* End PBXNativeTarget section */

/* Begin PBXProject section */
		E40FE3BF1C1A7AEB009D8F4B /* Project object */ = {
			isa = PBXProject;
			attributes = {
				LastUpgradeCheck = 0710;
				ORGANIZATIONNAME = "全政";
				TargetAttributes = {
					E40FE3C61C1A7AEB009D8F4B = {
						CreatedOnToolsVersion = 7.1.1;
					};
				};
			};
			buildConfigurationList = E40FE3C21C1A7AEB009D8F4B /* Build configuration list for PBXProject "123" */;
			compatibilityVersion = "Xcode 3.2";
			developmentRegion = English;
			hasScannedForEncodings = 0;
			knownRegions = (
				en,
			);
			mainGroup = E40FE3BE1C1A7AEB009D8F4B;
			productRefGroup = E40FE3C81C1A7AEB009D8F4B /* Products */;
			projectDirPath = "";
			projectRoot = "";
			targets = (
				E40FE3C61C1A7AEB009D8F4B /* 123 */,
			);
		};
/* End PBXProject section */

/* Begin PBXSourcesBuildPhase section */
		E40FE3C31C1A7AEB009D8F4B /* Sources */ = {
			isa = PBXSourcesBuildPhase;
			buildActionMask = 2147483647;
			files = (
				E40FE3D31C1A7AF5009D8F4B /* person.m in Sources */,
				E40FE3D91C1A7B15009D8F4B /* student.m in Sources */,
				E40FE3CB1C1A7AEB009D8F4B /* main.m in Sources */,
			);
			runOnlyForDeploymentPostprocessing = 0;
		};
/* End PBXSourcesBuildPhase section */

/* Begin XCBuildConfiguration section */
		E40FE3CC1C1A7AEB009D8F4B /* Debug */ = {
			isa = XCBuildConfiguration;
			buildSettings = {
				ALWAYS_SEARCH_USER_PATHS = NO;
				CLANG_CXX_LANGUAGE_STANDARD = "gnu++0x";
				CLANG_CXX_LIBRARY = "libc++";
				CLANG_ENABLE_MODULES = YES;
				CLANG_ENABLE_OBJC_ARC = YES;
				CLANG_WARN_BOOL_CONVERSION = YES;
				CLANG_WARN_CONSTANT_CONVERSION = YES;
				CLANG_WARN_DIRECT_OBJC_ISA_USAGE = YES_ERROR;
				CLANG_WARN_EMPTY_BODY = YES;
				CLANG_WARN_ENUM_CONVERSION = YES;
				CLANG_WARN_INT_CONVERSION = YES;
				CLANG_WARN_OBJC_ROOT_CLASS = YES_ERROR;
				CLANG_WARN_UNREACHABLE_CODE = YES;
				CLANG_WARN__DUPLICATE_METHOD_MATCH = YES;
				CODE_SIGN_IDENTITY = "-";
				COPY_PHASE_STRIP = NO;
				DEBUG_INFORMATION_FORMAT = dwarf;
				ENABLE_STRICT_OBJC_MSGSEND = YES;
				ENABLE_TESTABILITY = YES;
				GCC_C_LANGUAGE_STANDARD = gnu99;
				GCC_DYNAMIC_NO_PIC = NO;
				GCC_NO_COMMON_BLOCKS = YES;
				GCC_OPTIMIZATION_LEVEL = 0;
				GCC_PREPROCESSOR_DEFINITIONS = (
					"DEBUG=1",
					"$(inherited)",
				);
				GCC_WARN_64_TO_32_BIT_CONVERSION = YES;
				GCC_WARN_ABOUT_RETURN_TYPE = YES_ERROR;
				GCC_WARN_UNDECLARED_SELECTOR = YES;
				GCC_WARN_UNINITIALIZED_AUTOS = YES_AGGRESSIVE;
				GCC_WARN_UNUSED_FUNCTION = YES;
				GCC_WARN_UNUSED_VARIABLE = YES;
				MACOSX_DEPLOYMENT_TARGET = 10.11;
				MTL_ENABLE_DEBUG_INFO = YES;
				ONLY_ACTIVE_ARCH = YES;
				SDKROOT = macosx;
			};
			name = Debug;
		};
		E40FE3CD1C1A7AEB009D8F4B /* Release */ = {
			isa = XCBuildConfiguration;
			buildSettings = {
				ALWAYS_SEARCH_USER_PATHS = NO;
				CLANG_CXX_LANGUAGE_STANDARD = "gnu++0x";
				CLANG_CXX_LIBRARY = "libc++";
				CLANG_ENABLE_MODULES = YES;
				CLANG_ENABLE_OBJC_ARC = YES;
				CLANG_WARN_BOOL_CONVERSION = YES;
				CLANG_WARN_CONSTANT_CONVERSION = YES;
				CLANG_WARN_DIRECT_OBJC_ISA_USAGE = YES_ERROR;
				CLANG_WARN_EMPTY_BODY = YES;
				CLANG_WARN_ENUM_CONVERSION = YES;
				CLANG_WARN_INT_CONVERSION = YES;
				CLANG_WARN_OBJC_ROOT_CLASS = YES_ERROR;
				CLANG_WARN_UNREACHABLE_CODE = YES;
				CLANG_WARN__DUPLICATE_METHOD_MATCH = YES;
				CODE_SIGN_IDENTITY = "-";
				COPY_PHASE_STRIP = NO;
				DEBUG_INFORMATION_FORMAT = "dwarf-with-dsym";
				ENABLE_NS_ASSERTIONS = NO;
				ENABLE_STRICT_OBJC_MSGSEND = YES;
				GCC_C_LANGUAGE_STANDARD = gnu99;
				GCC_NO_COMMON_BLOCKS = YES;
				GCC_WARN_64_TO_32_BIT_CONVERSION = YES;
				GCC_WARN_ABOUT_RETURN_TYPE = YES_ERROR;
				GCC_WARN_UNDECLARED_SELECTOR = YES;
				GCC_WARN_UNINITIALIZED_AUTOS = YES_AGGRESSIVE;
				GCC_WARN_UNUSED_FUNCTION = YES;
				GCC_WARN_UNUSED_VARIABLE = YES;
				MACOSX_DEPLOYMENT_TARGET = 10.11;
				MTL_ENABLE_DEBUG_INFO = NO;
				SDKROOT = macosx;
			};
			name = Release;
		};
		E40FE3CF1C1A7AEB009D8F4B /* Debug */ = {
			isa = XCBuildConfiguration;
			buildSettings = {
				PRODUCT_NAME = "$(TARGET_NAME)";
			};
			name = Debug;
		};
		E40FE3D01C1A7AEB009D8F4B /* Release */ = {
			isa = XCBuildConfiguration;
			buildSettings = {
				PRODUCT_NAME = "$(TARGET_NAME)";
			};
			name = Release;
		};
/* End XCBuildConfiguration section */

/* Begin XCConfigurationList section */
		E40FE3C21C1A7AEB009D8F4B /* Build configuration list for PBXProject "123" */ = {
			isa = XCConfigurationList;
			buildConfigurations = (
				E40FE3CC1C1A7AEB009D8F4B /* Debug */,
				E40FE3CD1C1A7AEB009D8F4B /* Release */,
			);
			defaultConfigurationIsVisible = 0;
			defaultConfigurationName = Release;
		};
		E40FE3CE1C1A7AEB009D8F4B /* Build configuration list for PBXNativeTarget "123" */ = {
			isa = XCConfigurationList;
			buildConfigurations = (
				E40FE3CF1C1A7AEB009D8F4B /* Debug */,
				E40FE3D01C1A7AEB009D8F4B /* Release */,
			);
			defaultConfigurationIsVisible = 0;
		};
/* End XCConfigurationList section */
	};
	rootObject = E40FE3BF1C1A7AEB009D8F4B /* Project object */;
}
